Microsoft Visual Studio Solution File, Format Version 12.00
# Visual Studio Version 17
VisualStudioVersion = 17.5.2.0
MinimumVisualStudioVersion = 10.0.40219.1
Project("{FAE04EC0-301F-11D3-BF4B-00C04F79EFBC}") = "ARobinsonP3RPSLS", "ARobinsonP3RPSLS.csproj", "{C60F22DB-9611-A194-0848-2B20631BD8DA}"
EndProject
Global
	GlobalSection(SolutionConfigurationPlatforms) = preSolution
		Debug|Any CPU = Debug|Any CPU
		Release|Any CPU = Release|Any CPU
	EndGlobalSection
	GlobalSection(ProjectConfigurationPlatforms) = postSolution
		{C60F22DB-9611-A194-0848-2B20631BD8DA}.Debug|Any CPU.ActiveCfg = Debug|Any CPU
		{C60F22DB-9611-A194-0848-2B20631BD8DA}.Debug|Any CPU.Build.0 = Debug|Any CPU
		{C60F22DB-9611-A194-0848-2B20631BD8DA}.Release|Any CPU.ActiveCfg = Release|Any CPU
		{C60F22DB-9611-A194-0848-2B20631BD8DA}.Release|Any CPU.Build.0 = Release|Any CPU
	EndGlobalSection
	GlobalSection(SolutionProperties) = preSolution
		HideSolutionNode = FALSE
	EndGlobalSection
	GlobalSection(ExtensibilityGlobals) = postSolution
		SolutionGuid = {A2A060EB-D215-4923-9B7C-E9EE09953567}
	EndGlobalSection
EndGlobal
